// !$*UTF8*$!
{
	archiveVersion = 1;
	classes = {
	};
	objectVersion = 46;
	objects = {

/* Begin PBXBuildFile section */
		11BFA9661F314FBE003CA851 /* AppDelegate.swift in Sources */ = {isa = PBXBuildFile; fileRef = 11BFA9651F314FBE003CA851 /* AppDelegate.swift */; };
		11BFA9681F314FBE003CA851 /* ViewController.swift in Sources */ = {isa = PBXBuildFile; fileRef = 11BFA9671F314FBE003CA851 /* ViewController.swift */; };
		11BFA96B1F314FBE003CA851 /* Main.storyboard in Resources */ = {isa = PBXBuildFile; fileRef = 11BFA9691F314FBE003CA851 /* Main.storyboard */; };
		11BFA96D1F314FBE003CA851 /* Assets.xcassets in Resources */ = {isa = PBXBuildFile; fileRef = 11BFA96C1F314FBE003CA851 /* Assets.xcassets */; };
		11BFA9701F314FBE003CA851 /* LaunchScreen.storyboard in Resources */ = {isa = PBXBuildFile; fileRef = 11BFA96E1F314FBE003CA851 /* LaunchScreen.storyboard */; };
		F75A568E5A2CEAA3D36F97D3 /* Pods_PocStripe.framework in Frameworks */ = {isa = PBXBuildFile; fileRef = D3508719215B45DCFDD75853 /* Pods_PocStripe.framework */; };
/* End PBXBuildFile section */

/* Begin PBXFileReference section */
		061E2FE42AAAC1B940DD388B /* Pods-PocStripe.release.xcconfig */ = {isa = PBXFileReference; includeInIndex = 1; lastKnownFileType = text.xcconfig; name = "Pods-PocStripe.release.xcconfig"; path = "Pods/Target Support Files/Pods-PocStripe/Pods-PocStripe.release.xcconfig"; sourceTree = "<group>"; };
		11BFA9621F314FBE003CA851 /* PocStripe.app */ = {isa = PBXFileReference; explicitFileType = wrapper.application; includeInIndex = 0; path = PocStripe.app; sourceTree = BUILT_PRODUCTS_DIR; };
		11BFA9651F314FBE003CA851 /* AppDelegate.swift */ = {isa = PBXFileReference; lastKnownFileType = sourcecode.swift; path = AppDelegate.swift; sourceTree = "<group>"; };
		11BFA9671F314FBE003CA851 /* ViewController.swift */ = {isa = PBXFileReference; lastKnownFileType = sourcecode.swift; path = ViewController.swift; sourceTree = "<group>"; };
		11BFA96A1F314FBE003CA851 /* Base */ = {isa = PBXFileReference; lastKnownFileType = file.storyboard; name = Base; path = Base.lproj/Main.storyboard; sourceTree = "<group>"; };
		11BFA96C1F314FBE003CA851 /* Assets.xcassets */ = {isa = PBXFileReference; lastKnownFileType = folder.assetcatalog; path = Assets.xcassets; sourceTree = "<group>"; };
		11BFA96F1F314FBE003CA851 /* Base */ = {isa = PBXFileReference; lastKnownFileType = file.storyboard; name = Base; path = Base.lproj/LaunchScreen.storyboard; sourceTree = "<group>"; };
		11BFA9711F314FBE003CA851 /* Info.plist */ = {isa = PBXFileReference; lastKnownFileType = text.plist.xml; path = Info.plist; sourceTree = "<group>"; };
		7FE49DA948A1747B90D44569 /* Pods-PocStripe.debug.xcconfig */ = {isa = PBXFileReference; includeInIndex = 1; lastKnownFileType = text.xcconfig; name = "Pods-PocStripe.debug.xcconfig"; path = "Pods/Target Support Files/Pods-PocStripe/Pods-PocStripe.debug.xcconfig"; sourceTree = "<group>"; };
		D3508719215B45DCFDD75853 /* Pods_PocStripe.framework */ = {isa = PBXFileReference; explicitFileType = wrapper.framework; includeInIndex = 0; path = Pods_PocStripe.framework; sourceTree = BUILT_PRODUCTS_DIR; };
/* End PBXFileReference section */

/* Begin PBXFrameworksBuildPhase section */
		11BFA95F1F314FBE003CA851 /* Frameworks */ = {
			isa = PBXFrameworksBuildPhase;
			buildActionMask = 2147483647;
			files = (
				F75A568E5A2CEAA3D36F97D3 /* Pods_PocStripe.framework in Frameworks */,
			);
			runOnlyForDeploymentPostprocessing = 0;
		};
/* End PBXFrameworksBuildPhase section */

/* Begin PBXGroup section */
		0B30F770B395C586385D72AC /* Pods */ = {
			isa = PBXGroup;
			children = (
				7FE49DA948A1747B90D44569 /* Pods-PocStripe.debug.xcconfig */,
				061E2FE42AAAC1B940DD388B /* Pods-PocStripe.release.xcconfig */,
			);
			name = Pods;
			sourceTree = "<group>";
		};
		11BFA9591F314FBE003CA851 = {
			isa = PBXGroup;
			children = (
				11BFA9641F314FBE003CA851 /* PocStripe */,
				11BFA9631F314FBE003CA851 /* Products */,
				0B30F770B395C586385D72AC /* Pods */,
				D4D1B741743985BDBDC43969 /* Frameworks */,
			);
			sourceTree = "<group>";
		};
		11BFA9631F314FBE003CA851 /* Products */ = {
			isa = PBXGroup;
			children = (
				11BFA9621F314FBE003CA851 /* PocStripe.app */,
			);
			name = Products;
			sourceTree = "<group>";
		};
		11BFA9641F314FBE003CA851 /* PocStripe */ = {
			isa = PBXGroup;
			children = (
				11BFA9651F314FBE003CA851 /* AppDelegate.swift */,
				11BFA9671F314FBE003CA851 /* ViewController.swift */,
				11BFA9691F314FBE003CA851 /* Main.storyboard */,
				11BFA96C1F314FBE003CA851 /* Assets.xcassets */,
				11BFA96E1F314FBE003CA851 /* LaunchScreen.storyboard */,
				11BFA9711F314FBE003CA851 /* Info.plist */,
			);
			path = PocStripe;
			sourceTree = "<group>";
		};
		D4D1B741743985BDBDC43969 /* Frameworks */ = {
			isa = PBXGroup;
			children = (
				D3508719215B45DCFDD75853 /* Pods_PocStripe.framework */,
			);
			name = Frameworks;
			sourceTree = "<group>";
		};
/* End PBXGroup section */

/* Begin PBXNativeTarget section */
		11BFA9611F314FBE003CA851 /* PocStripe */ = {
			isa = PBXNativeTarget;
			buildConfigurationList = 11BFA9741F314FBE003CA851 /* Build configuration list for PBXNativeTarget "PocStripe" */;
			buildPhases = (
				B8ED088D37412FB00D65B0E0 /* [CP] Check Pods Manifest.lock */,
				11BFA95E1F314FBE003CA851 /* Sources */,
				11BFA95F1F314FBE003CA851 /* Frameworks */,
				11BFA9601F314FBE003CA851 /* Resources */,
				186860352CE2E5422E116DA3 /* [CP] Embed Pods Frameworks */,
				02C025364FE1453283FB5142 /* [CP] Copy Pods Resources */,
			);
			buildRules = (
			);
			dependencies = (
			);
			name = PocStripe;
			productName = PocStripe;
			productReference = 11BFA9621F314FBE003CA851 /* PocStripe.app */;
			productType = "com.apple.product-type.application";
		};
/* End PBXNativeTarget section */

/* Begin PBXProject section */
		11BFA95A1F314FBE003CA851 /* Project object */ = {
			isa = PBXProject;
			attributes = {
				LastSwiftUpdateCheck = 0830;
				LastUpgradeCheck = 0830;
				ORGANIZATIONNAME = Ebanx;
				TargetAttributes = {
					11BFA9611F314FBE003CA851 = {
						CreatedOnToolsVersion = 8.3.3;
						DevelopmentTeam = 777VCGBAGX;
						ProvisioningStyle = Automatic;
					};
				};
			};
			buildConfigurationList = 11BFA95D1F314FBE003CA851 /* Build configuration list for PBXProject "PocStripe" */;
			compatibilityVersion = "Xcode 3.2";
			developmentRegion = English;
			hasScannedForEncodings = 0;
			knownRegions = (
				en,
				Base,
			);
			mainGroup = 11BFA9591F314FBE003CA851;
			productRefGroup = 11BFA9631F314FBE003CA851 /* Products */;
			projectDirPath = "";
			projectRoot = "";
			targets = (
				11BFA9611F314FBE003CA851 /* PocStripe */,
			);
		};
/* End PBXProject section */

/* Begin PBXResourcesBuildPhase section */
		11BFA9601F314FBE003CA851 /* Resources */ = {
			isa = PBXResourcesBuildPhase;
			buildActionMask = 2147483647;
			files = (
				11BFA9701F314FBE003CA851 /* LaunchScreen.storyboard in Resources */,
				11BFA96D1F314FBE003CA851 /* Assets.xcassets in Resources */,
				11BFA96B1F314FBE003CA851 /* Main.storyboard in Resources */,
			);
			runOnlyForDeploymentPostprocessing = 0;
		};
/* End PBXResourcesBuildPhase section */

/* Begin PBXShellScriptBuildPhase section */
		02C025364FE1453283FB5142 /* [CP] Copy Pods Resources */ = {
			isa = PBXShellScriptBuildPhase;
			buildActionMask = 2147483647;
			files = (
			);
			inputPaths = (
			);
			name = "[CP] Copy Pods Resources";
			outputPaths = (
			);
			runOnlyForDeploymentPostprocessing = 0;
			shellPath = /bin/sh;
			shellScript = "\"${SRCROOT}/Pods/Target Support Files/Pods-PocStripe/Pods-PocStripe-resources.sh\"\n";
			showEnvVarsInLog = 0;
		};
		186860352CE2E5422E116DA3 /* [CP] Embed Pods Frameworks */ = {
			isa = PBXShellScriptBuildPhase;
			buildActionMask = 2147483647;
			files = (
			);
			inputPaths = (
			);
			name = "[CP] Embed Pods Frameworks";
			outputPaths = (
			);
			runOnlyForDeploymentPostprocessing = 0;
			shellPath = /bin/sh;
			shellScript = "\"${SRCROOT}/Pods/Target Support Files/Pods-PocStripe/Pods-PocStripe-frameworks.sh\"\n";
			showEnvVarsInLog = 0;
		};
		B8ED088D37412FB00D65B0E0 /* [CP] Check Pods Manifest.lock */ = {
			isa = PBXShellScriptBuildPhase;
			buildActionMask = 2147483647;
			files = (
			);
			inputPaths = (
			);
			name = "[CP] Check Pods Manifest.lock";
			outputPaths = (
			);
			runOnlyForDeploymentPostprocessing = 0;
			shellPath = /bin/sh;
			shellScript = "diff \"${PODS_PODFILE_DIR_PATH}/Podfile.lock\" \"${PODS_ROOT}/Manifest.lock\" > /dev/null\nif [ $? != 0 ] ; then\n    # print error to STDERR\n    echo \"error: The sandbox is not in sync with the Podfile.lock. Run 'pod install' or update your CocoaPods installation.\" >&2\n    exit 1\nfi\n";
			showEnvVarsInLog = 0;
		};
/* End PBXShellScriptBuildPhase section */

/* Begin PBXSourcesBuildPhase section */
		11BFA95E1F314FBE003CA851 /* Sources */ = {
			isa = PBXSourcesBuildPhase;
			buildActionMask = 2147483647;
			files = (
				11BFA9681F314FBE003CA851 /* ViewController.swift in Sources */,
				11BFA9661F314FBE003CA851 /* AppDelegate.swift in Sources */,
			);
			runOnlyForDeploymentPostprocessing = 0;
		};
/* End PBXSourcesBuildPhase section */

/* Begin PBXVariantGroup section */
		11BFA9691F314FBE003CA851 /* Main.storyboard */ = {
			isa = PBXVariantGroup;
			children = (
				11BFA96A1F314FBE003CA851 /* Base */,
			);
			name = Main.storyboard;
			sourceTree = "<group>";
		};
		11BFA96E1F314FBE003CA851 /* LaunchScreen.storyboard */ = {
			isa = PBXVariantGroup;
			children = (
				11BFA96F1F314FBE003CA851 /* Base */,
			);
			name = LaunchScreen.storyboard;
			sourceTree = "<group>";
		};
/* End PBXVariantGroup section */

/* Begin XCBuildConfiguration section */
		11BFA9721F314FBE003CA851 /* Debug */ = {
			isa = XCBuildConfiguration;
			buildSettings = {
				ALWAYS_SEARCH_USER_PATHS = NO;
				CLANG_ANALYZER_NONNULL = YES;
				CLANG_ANALYZER_NUMBER_OBJECT_CONVERSION = YES_AGGRESSIVE;
				CLANG_CXX_LANGUAGE_STANDARD = "gnu++0x";
				CLANG_CXX_LIBRARY = "libc++";
				CLANG_ENABLE_MODULES = YES;
				CLANG_ENABLE_OBJC_ARC = YES;
				CLANG_WARN_BOOL_CONVERSION = YES;
				CLANG_WARN_CONSTANT_CONVERSION = YES;
				CLANG_WARN_DIRECT_OBJC_ISA_USAGE = YES_ERROR;
				CLANG_WARN_DOCUMENTATION_COMMENTS = YES;
				CLANG_WARN_EMPTY_BODY = YES;
				CLANG_WARN_ENUM_CONVERSION = YES;
				CLANG_WARN_INFINITE_RECURSION = YES;
				CLANG_WARN_INT_CONVERSION = YES;
				CLANG_WARN_OBJC_ROOT_CLASS = YES_ERROR;
				CLANG_WARN_SUSPICIOUS_MOVE = YES;
				CLANG_WARN_UNREACHABLE_CODE = YES;
				CLANG_WARN__DUPLICATE_METHOD_MATCH = YES;
				"CODE_SIGN_IDENTITY[sdk=iphoneos*]" = "iPhone Developer";
				COPY_PHASE_STRIP = NO;
				DEBUG_INFORMATION_FORMAT = dwarf;
				ENABLE_STRICT_OBJC_MSGSEND = YES;
				ENABLE_TESTABILITY = YES;
				GCC_C_LANGUAGE_STANDARD = gnu99;
				GCC_DYNAMIC_NO_PIC = NO;
				GCC_NO_COMMON_BLOCKS = YES;
				GCC_OPTIMIZATION_LEVEL = 0;
				GCC_PREPROCESSOR_DEFINITIONS = (
					"DEBUG=1",
					"$(inherited)",
				);
				GCC_WARN_64_TO_32_BIT_CONVERSION = YES;
				GCC_WARN_ABOUT_RETURN_TYPE = YES_ERROR;
				GCC_WARN_UNDECLARED_SELECTOR = YES;
				GCC_WARN_UNINITIALIZED_AUTOS = YES_AGGRESSIVE;
				GCC_WARN_UNUSED_FUNCTION = YES;
				GCC_WARN_UNUSED_VARIABLE = YES;
				IPHONEOS_DEPLOYMENT_TARGET = 10.3;
				MTL_ENABLE_DEBUG_INFO = YES;
				ONLY_ACTIVE_ARCH = YES;
				SDKROOT = iphoneos;
				SWIFT_ACTIVE_COMPILATION_CONDITIONS = DEBUG;
				SWIFT_OPTIMIZATION_LEVEL = "-Onone";
			};
			name = Debug;
		};
		11BFA9731F314FBE003CA851 /* Release */ = {
			isa = XCBuildConfiguration;
			buildSettings = {
				ALWAYS_SEARCH_USER_PATHS = NO;
				CLANG_ANALYZER_NONNULL = YES;
				CLANG_ANALYZER_NUMBER_OBJECT_CONVERSION = YES_AGGRESSIVE;
				CLANG_CXX_LANGUAGE_STANDARD = "gnu++0x";
				CLANG_CXX_LIBRARY = "libc++";
				CLANG_ENABLE_MODULES = YES;
				CLANG_ENABLE_OBJC_ARC = YES;
				CLANG_WARN_BOOL_CONVERSION = YES;
				CLANG_WARN_CONSTANT_CONVERSION = YES;
				CLANG_WARN_DIRECT_OBJC_ISA_USAGE = YES_ERROR;
				CLANG_WARN_DOCUMENTATION_COMMENTS = YES;
				CLANG_WARN_EMPTY_BODY = YES;
				CLANG_WARN_ENUM_CONVERSION = YES;
				CLANG_WARN_INFINITE_RECURSION = YES;
				CLANG_WARN_INT_CONVERSION = YES;
				CLANG_WARN_OBJC_ROOT_CLASS = YES_ERROR;
				CLANG_WARN_SUSPICIOUS_MOVE = YES;
				CLANG_WARN_UNREACHABLE_CODE = YES;
				CLANG_WARN__DUPLICATE_METHOD_MATCH = YES;
				"CODE_SIGN_IDENTITY[sdk=iphoneos*]" = "iPhone Developer";
				COPY_PHASE_STRIP = NO;
				DEBUG_INFORMATION_FORMAT = "dwarf-with-dsym";
				ENABLE_NS_ASSERTIONS = NO;
				ENABLE_STRICT_OBJC_MSGSEND = YES;
				GCC_C_LANGUAGE_STANDARD = gnu99;
				GCC_NO_COMMON_BLOCKS = YES;
				GCC_WARN_64_TO_32_BIT_CONVERSION = YES;
				GCC_WARN_ABOUT_RETURN_TYPE = YES_ERROR;
				GCC_WARN_UNDECLARED_SELECTOR = YES;
				GCC_WARN_UNINITIALIZED_AUTOS = YES_AGGRESSIVE;
				GCC_WARN_UNUSED_FUNCTION = YES;
				GCC_WARN_UNUSED_VARIABLE = YES;
				IPHONEOS_DEPLOYMENT_TARGET = 10.3;
				MTL_ENABLE_DEBUG_INFO = NO;
				SDKROOT = iphoneos;
				SWIFT_OPTIMIZATION_LEVEL = "-Owholemodule";
				VALIDATE_PRODUCT = YES;
			};
			name = Release;
		};
		11BFA9751F314FBE003CA851 /* Debug */ = {
			isa = XCBuildConfiguration;
			baseConfigurationReference = 7FE49DA948A1747B90D44569 /* Pods-PocStripe.debug.xcconfig */;
			buildSettings = {
				ASSETCATALOG_COMPILER_APPICON_NAME = AppIcon;
				DEVELOPMENT_TEAM = 777VCGBAGX;
				INFOPLIST_FILE = PocStripe/Info.plist;
				LD_RUNPATH_SEARCH_PATHS = "$(inherited) @executable_path/Frameworks";
				PRODUCT_BUNDLE_IDENTIFIER = com.ebanx.PocStripe;
				PRODUCT_NAME = "$(TARGET_NAME)";
				SWIFT_VERSION = 3.0;
			};
			name = Debug;
		};
		11BFA9761F314FBE003CA851 /* Release */ = {
			isa = XCBuildConfiguration;
			baseConfigurationReference = 061E2FE42AAAC1B940DD388B /* Pods-PocStripe.release.xcconfig */;
			buildSettings = {
				ASSETCATALOG_COMPILER_APPICON_NAME = AppIcon;
				DEVELOPMENT_TEAM = 777VCGBAGX;
				INFOPLIST_FILE = PocStripe/Info.plist;
				LD_RUNPATH_SEARCH_PATHS = "$(inherited) @executable_path/Frameworks";
				PRODUCT_BUNDLE_IDENTIFIER = com.ebanx.PocStripe;
				PRODUCT_NAME = "$(TARGET_NAME)";
				SWIFT_VERSION = 3.0;
			};
			name = Release;
		};
/* End XCBuildConfiguration section */

/* Begin XCConfigurationList section */
		11BFA95D1F314FBE003CA851 /* Build configuration list for PBXProject "PocStripe" */ = {
			isa = XCConfigurationList;
			buildConfigurations = (
				11BFA9721F314FBE003CA851 /* Debug */,
				11BFA9731F314FBE003CA851 /* Release */,
			);
			defaultConfigurationIsVisible = 0;
			defaultConfigurationName = Release;
		};
		11BFA9741F314FBE003CA851 /* Build configuration list for PBXNativeTarget "PocStripe" */ = {
			isa = XCConfigurationList;
			buildConfigurations = (
				11BFA9751F314FBE003CA851 /* Debug */,
				11BFA9761F314FBE003CA851 /* Release */,
			);
			defaultConfigurationIsVisible = 0;
		};
/* End XCConfigurationList section */
	};
	rootObject = 11BFA95A1F314FBE003CA851 /* Project object */;
}
